// !$*UTF8*$!
{
	archiveVersion = 1;
	classes = {
	};
	objectVersion = 46;
	objects = {

/* Begin PBXBuildFile section */
		2F2527681937BCFE00D62E4B /* Foundation.framework in Frameworks */ = {isa = PBXBuildFile; fileRef = 2F2527671937BCFE00D62E4B /* Foundation.framework */; };
		2F25276A1937BCFE00D62E4B /* CoreGraphics.framework in Frameworks */ = {isa = PBXBuildFile; fileRef = 2F2527691937BCFE00D62E4B /* CoreGraphics.framework */; };
		2F25276C1937BCFE00D62E4B /* UIKit.framework in Frameworks */ = {isa = PBXBuildFile; fileRef = 2F25276B1937BCFE00D62E4B /* UIKit.framework */; };
		2F2527721937BCFE00D62E4B /* InfoPlist.strings in Resources */ = {isa = PBXBuildFile; fileRef = 2F2527701937BCFE00D62E4B /* InfoPlist.strings */; };
		2F2527741937BCFE00D62E4B /* main.m in Sources */ = {isa = PBXBuildFile; fileRef = 2F2527731937BCFE00D62E4B /* main.m */; };
		2F2527781937BCFE00D62E4B /* AMVAppDelegate.m in Sources */ = {isa = PBXBuildFile; fileRef = 2F2527771937BCFE00D62E4B /* AMVAppDelegate.m */; };
		2F25277A1937BCFE00D62E4B /* Images.xcassets in Resources */ = {isa = PBXBuildFile; fileRef = 2F2527791937BCFE00D62E4B /* Images.xcassets */; };
		2F2527811937BCFF00D62E4B /* XCTest.framework in Frameworks */ = {isa = PBXBuildFile; fileRef = 2F2527801937BCFF00D62E4B /* XCTest.framework */; };
		2F2527821937BCFF00D62E4B /* Foundation.framework in Frameworks */ = {isa = PBXBuildFile; fileRef = 2F2527671937BCFE00D62E4B /* Foundation.framework */; };
		2F2527831937BCFF00D62E4B /* UIKit.framework in Frameworks */ = {isa = PBXBuildFile; fileRef = 2F25276B1937BCFE00D62E4B /* UIKit.framework */; };
		2F25278B1937BCFF00D62E4B /* InfoPlist.strings in Resources */ = {isa = PBXBuildFile; fileRef = 2F2527891937BCFF00D62E4B /* InfoPlist.strings */; };
		2F25278D1937BCFF00D62E4B /* CareMeTests.m in Sources */ = {isa = PBXBuildFile; fileRef = 2F25278C1937BCFF00D62E4B /* CareMeTests.m */; };
		2F2527B31937CC9000D62E4B /* AMVHomeConsultController.m in Sources */ = {isa = PBXBuildFile; fileRef = 2F2527B11937CC9000D62E4B /* AMVHomeConsultController.m */; };
		2F2527B81937D23200D62E4B /* Calendar-Month.png in Resources */ = {isa = PBXBuildFile; fileRef = 2F2527B61937D23200D62E4B /* Calendar-Month.png */; };
		2F2527B91937D23200D62E4B /* Calendar-Week.png in Resources */ = {isa = PBXBuildFile; fileRef = 2F2527B71937D23200D62E4B /* Calendar-Week.png */; };
		2F2527BC1937D3E900D62E4B /* Folder.png in Resources */ = {isa = PBXBuildFile; fileRef = 2F2527BA1937D3E900D62E4B /* Folder.png */; };
		2F2527BD1937D3E900D62E4B /* Open-Mail.png in Resources */ = {isa = PBXBuildFile; fileRef = 2F2527BB1937D3E900D62E4B /* Open-Mail.png */; };
		2F7DDE8F19478F0B00692B51 /* AMVEventsManagerSingleton.m in Sources */ = {isa = PBXBuildFile; fileRef = 2F7DDE8E19478F0B00692B51 /* AMVEventsManagerSingleton.m */; };
		2F9BE5C8193CEB3A0037A496 /* AMVCareMeUtil.m in Sources */ = {isa = PBXBuildFile; fileRef = 2F9BE5C7193CEB3A0037A496 /* AMVCareMeUtil.m */; };
		2F9BE5CC193CFCFD0037A496 /* AMVAddConsultController.m in Sources */ = {isa = PBXBuildFile; fileRef = 2F9BE5CA193CFCFD0037A496 /* AMVAddConsultController.m */; };
		2F9BE5CD193CFCFD0037A496 /* AMVAddConsultController.xib in Resources */ = {isa = PBXBuildFile; fileRef = 2F9BE5CB193CFCFD0037A496 /* AMVAddConsultController.xib */; };
		2F9BE5D1193D0E4C0037A496 /* AMVHomeMedicineController.m in Sources */ = {isa = PBXBuildFile; fileRef = 2F9BE5CF193D0E4C0037A496 /* AMVHomeMedicineController.m */; };
		2F9BE5D2193D0E4C0037A496 /* AMVHomeMedicineController.xib in Resources */ = {isa = PBXBuildFile; fileRef = 2F9BE5D0193D0E4C0037A496 /* AMVHomeMedicineController.xib */; };
		2F9BE5D4193D18FB0037A496 /* Medicine.png in Resources */ = {isa = PBXBuildFile; fileRef = 2F9BE5D3193D18FB0037A496 /* Medicine.png */; };
		2F9BE5D8193E4B950037A496 /* AMVAddMedicineController.m in Sources */ = {isa = PBXBuildFile; fileRef = 2F9BE5D6193E4B950037A496 /* AMVAddMedicineController.m */; };
		2F9BE5D9193E4B950037A496 /* AMVAddMedicineController.xib in Resources */ = {isa = PBXBuildFile; fileRef = 2F9BE5D7193E4B950037A496 /* AMVAddMedicineController.xib */; };
		2F9BE62D193E5FE30037A496 /* DSLCalendarDayCalloutView.m in Sources */ = {isa = PBXBuildFile; fileRef = 2F9BE60F193E5FE30037A496 /* DSLCalendarDayCalloutView.m */; };
		2F9BE62E193E5FE30037A496 /* DSLCalendarDayCalloutView.xib in Resources */ = {isa = PBXBuildFile; fileRef = 2F9BE610193E5FE30037A496 /* DSLCalendarDayCalloutView.xib */; };
		2F9BE62F193E5FE30037A496 /* DSLCalendarDayView.m in Sources */ = {isa = PBXBuildFile; fileRef = 2F9BE612193E5FE30037A496 /* DSLCalendarDayView.m */; };
		2F9BE630193E5FE30037A496 /* DSLCalendarMonthSelectorView.m in Sources */ = {isa = PBXBuildFile; fileRef = 2F9BE614193E5FE30037A496 /* DSLCalendarMonthSelectorView.m */; };
		2F9BE631193E5FE30037A496 /* DSLCalendarMonthSelectorView.xib in Resources */ = {isa = PBXBuildFile; fileRef = 2F9BE615193E5FE30037A496 /* DSLCalendarMonthSelectorView.xib */; };
		2F9BE632193E5FE30037A496 /* DSLCalendarMonthView.m in Sources */ = {isa = PBXBuildFile; fileRef = 2F9BE617193E5FE30037A496 /* DSLCalendarMonthView.m */; };
		2F9BE633193E5FE30037A496 /* DSLCalendarRange.m in Sources */ = {isa = PBXBuildFile; fileRef = 2F9BE619193E5FE30037A496 /* DSLCalendarRange.m */; };
		2F9BE634193E5FE30037A496 /* DSLCalendarView.m in Sources */ = {isa = PBXBuildFile; fileRef = 2F9BE61B193E5FE30037A496 /* DSLCalendarView.m */; };
		2F9BE635193E5FE30037A496 /* DSLCalendar-nextMonth.png in Resources */ = {isa = PBXBuildFile; fileRef = 2F9BE61D193E5FE30037A496 /* DSLCalendar-nextMonth.png */; };
		2F9BE636193E5FE30037A496 /* DSLCalendar-nextMonth@2x.png in Resources */ = {isa = PBXBuildFile; fileRef = 2F9BE61E193E5FE30037A496 /* DSLCalendar-nextMonth@2x.png */; };
		2F9BE637193E5FE30037A496 /* DSLCalendar-previousMonth.png in Resources */ = {isa = PBXBuildFile; fileRef = 2F9BE61F193E5FE30037A496 /* DSLCalendar-previousMonth.png */; };
		2F9BE638193E5FE30037A496 /* DSLCalendar-previousMonth@2x.png in Resources */ = {isa = PBXBuildFile; fileRef = 2F9BE620193E5FE30037A496 /* DSLCalendar-previousMonth@2x.png */; };
		2F9BE639193E5FE30037A496 /* DSLCalendarDayCallout.png in Resources */ = {isa = PBXBuildFile; fileRef = 2F9BE621193E5FE30037A496 /* DSLCalendarDayCallout.png */; };
		2F9BE63A193E5FE30037A496 /* DSLCalendarDayCallout@2x.png in Resources */ = {isa = PBXBuildFile; fileRef = 2F9BE622193E5FE30037A496 /* DSLCalendarDayCallout@2x.png */; };
		2F9BE63B193E5FE30037A496 /* DSLCalendarDaySelection-left.png in Resources */ = {isa = PBXBuildFile; fileRef = 2F9BE623193E5FE30037A496 /* DSLCalendarDaySelection-left.png */; };
		2F9BE63C193E5FE30037A496 /* DSLCalendarDaySelection-left@2x.png in Resources */ = {isa = PBXBuildFile; fileRef = 2F9BE624193E5FE30037A496 /* DSLCalendarDaySelection-left@2x.png */; };
		2F9BE63D193E5FE30037A496 /* DSLCalendarDaySelection-middle.png in Resources */ = {isa = PBXBuildFile; fileRef = 2F9BE625193E5FE30037A496 /* DSLCalendarDaySelection-middle.png */; };
		2F9BE63E193E5FE30037A496 /* DSLCalendarDaySelection-middle@2x.png in Resources */ = {isa = PBXBuildFile; fileRef = 2F9BE626193E5FE30037A496 /* DSLCalendarDaySelection-middle@2x.png */; };
		2F9BE63F193E5FE30037A496 /* DSLCalendarDaySelection-right.png in Resources */ = {isa = PBXBuildFile; fileRef = 2F9BE627193E5FE30037A496 /* DSLCalendarDaySelection-right.png */; };
		2F9BE640193E5FE30037A496 /* DSLCalendarDaySelection-right@2x.png in Resources */ = {isa = PBXBuildFile; fileRef = 2F9BE628193E5FE30037A496 /* DSLCalendarDaySelection-right@2x.png */; };
		2F9BE641193E5FE30037A496 /* DSLCalendarDaySelection.png in Resources */ = {isa = PBXBuildFile; fileRef = 2F9BE629193E5FE30037A496 /* DSLCalendarDaySelection.png */; };
		2F9BE642193E5FE30037A496 /* DSLCalendarDaySelection@2x.png in Resources */ = {isa = PBXBuildFile; fileRef = 2F9BE62A193E5FE30037A496 /* DSLCalendarDaySelection@2x.png */; };
		2F9BE643193E5FE30037A496 /* NSDate+DSLCalendarView.m in Sources */ = {isa = PBXBuildFile; fileRef = 2F9BE62C193E5FE30037A496 /* NSDate+DSLCalendarView.m */; };
		9F62D322193FA9B2007F30F9 /* AMVConsult.m in Sources */ = {isa = PBXBuildFile; fileRef = 9F62D321193FA9B2007F30F9 /* AMVConsult.m */; };
		9F62D325193FAB9A007F30F9 /* AMVMedicine.m in Sources */ = {isa = PBXBuildFile; fileRef = 9F62D324193FAB9A007F30F9 /* AMVMedicine.m */; };
		9F62D32B1940DF7D007F30F9 /* AMVConsultDAO.m in Sources */ = {isa = PBXBuildFile; fileRef = 9F62D32A1940DF7D007F30F9 /* AMVConsultDAO.m */; };
		D89D05971942388000E18536 /* AMVConsultDetailsViewController.m in Sources */ = {isa = PBXBuildFile; fileRef = D89D05951942388000E18536 /* AMVConsultDetailsViewController.m */; };
		D89D05981942388000E18536 /* AMVConsultDetailsViewController.xib in Resources */ = {isa = PBXBuildFile; fileRef = D89D05961942388000E18536 /* AMVConsultDetailsViewController.xib */; };
		D89D059A1942395400E18536 /* AMVHomeConsultController.xib in Resources */ = {isa = PBXBuildFile; fileRef = D89D05991942395400E18536 /* AMVHomeConsultController.xib */; };
		D89D05A319425B6700E18536 /* AMVConsultCell.m in Sources */ = {isa = PBXBuildFile; fileRef = D89D05A119425B6700E18536 /* AMVConsultCell.m */; };
		D89D05A419425B6700E18536 /* AMVConsultCell.xib in Resources */ = {isa = PBXBuildFile; fileRef = D89D05A219425B6700E18536 /* AMVConsultCell.xib */; };
		D8D511181946424C008E407C /* AMVMedicineDAO.m in Sources */ = {isa = PBXBuildFile; fileRef = D8D511171946424C008E407C /* AMVMedicineDAO.m */; };
		D8FD225D194648D90032863C /* AMVMedicineCell.m in Sources */ = {isa = PBXBuildFile; fileRef = D8FD225B194648D90032863C /* AMVMedicineCell.m */; };
		D8FD225E194648D90032863C /* AMVMedicineCell.xib in Resources */ = {isa = PBXBuildFile; fileRef = D8FD225C194648D90032863C /* AMVMedicineCell.xib */; };
		D8FD226219464BD10032863C /* AMVMedicineDetailsViewController.m in Sources */ = {isa = PBXBuildFile; fileRef = D8FD226019464BD10032863C /* AMVMedicineDetailsViewController.m */; };
		D8FD226319464BD10032863C /* AMVMedicineDetailsViewController.xib in Resources */ = {isa = PBXBuildFile; fileRef = D8FD226119464BD10032863C /* AMVMedicineDetailsViewController.xib */; };
/* End PBXBuildFile section */

/* Begin PBXContainerItemProxy section */
		2F2527841937BCFF00D62E4B /* PBXContainerItemProxy */ = {
			isa = PBXContainerItemProxy;
			containerPortal = 2F25275C1937BCFE00D62E4B /* Project object */;
			proxyType = 1;
			remoteGlobalIDString = 2F2527631937BCFE00D62E4B;
			remoteInfo = CareMe;
		};
/* End PBXContainerItemProxy section */

/* Begin PBXFileReference section */
		2F2527641937BCFE00D62E4B /* CareMe.app */ = {isa = PBXFileReference; explicitFileType = wrapper.application; includeInIndex = 0; path = CareMe.app; sourceTree = BUILT_PRODUCTS_DIR; };
		2F2527671937BCFE00D62E4B /* Foundation.framework */ = {isa = PBXFileReference; lastKnownFileType = wrapper.framework; name = Foundation.framework; path = System/Library/Frameworks/Foundation.framework; sourceTree = SDKROOT; };
		2F2527691937BCFE00D62E4B /* CoreGraphics.framework */ = {isa = PBXFileReference; lastKnownFileType = wrapper.framework; name = CoreGraphics.framework; path = System/Library/Frameworks/CoreGraphics.framework; sourceTree = SDKROOT; };
		2F25276B1937BCFE00D62E4B /* UIKit.framework */ = {isa = PBXFileReference; lastKnownFileType = wrapper.framework; name = UIKit.framework; path = System/Library/Frameworks/UIKit.framework; sourceTree = SDKROOT; };
		2F25276F1937BCFE00D62E4B /* CareMe-Info.plist */ = {isa = PBXFileReference; lastKnownFileType = text.plist.xml; path = "CareMe-Info.plist"; sourceTree = "<group>"; };
		2F2527711937BCFE00D62E4B /* en */ = {isa = PBXFileReference; lastKnownFileType = text.plist.strings; name = en; path = en.lproj/InfoPlist.strings; sourceTree = "<group>"; };
		2F2527731937BCFE00D62E4B /* main.m */ = {isa = PBXFileReference; lastKnownFileType = sourcecode.c.objc; path = main.m; sourceTree = "<group>"; };
		2F2527751937BCFE00D62E4B /* CareMe-Prefix.pch */ = {isa = PBXFileReference; lastKnownFileType = sourcecode.c.h; path = "CareMe-Prefix.pch"; sourceTree = "<group>"; };
		2F2527761937BCFE00D62E4B /* AMVAppDelegate.h */ = {isa = PBXFileReference; lastKnownFileType = sourcecode.c.h; path = AMVAppDelegate.h; sourceTree = "<group>"; };
		2F2527771937BCFE00D62E4B /* AMVAppDelegate.m */ = {isa = PBXFileReference; lastKnownFileType = sourcecode.c.objc; path = AMVAppDelegate.m; sourceTree = "<group>"; };
		2F2527791937BCFE00D62E4B /* Images.xcassets */ = {isa = PBXFileReference; lastKnownFileType = folder.assetcatalog; path = Images.xcassets; sourceTree = "<group>"; };
		2F25277F1937BCFF00D62E4B /* CareMeTests.xctest */ = {isa = PBXFileReference; explicitFileType = wrapper.cfbundle; includeInIndex = 0; path = CareMeTests.xctest; sourceTree = BUILT_PRODUCTS_DIR; };
		2F2527801937BCFF00D62E4B /* XCTest.framework */ = {isa = PBXFileReference; lastKnownFileType = wrapper.framework; name = XCTest.framework; path = Library/Frameworks/XCTest.framework; sourceTree = DEVELOPER_DIR; };
		2F2527881937BCFF00D62E4B /* CareMeTests-Info.plist */ = {isa = PBXFileReference; lastKnownFileType = text.plist.xml; path = "CareMeTests-Info.plist"; sourceTree = "<group>"; };
		2F25278A1937BCFF00D62E4B /* en */ = {isa = PBXFileReference; lastKnownFileType = text.plist.strings; name = en; path = en.lproj/InfoPlist.strings; sourceTree = "<group>"; };
		2F25278C1937BCFF00D62E4B /* CareMeTests.m */ = {isa = PBXFileReference; lastKnownFileType = sourcecode.c.objc; path = CareMeTests.m; sourceTree = "<group>"; };
		2F2527B01937CC9000D62E4B /* AMVHomeConsultController.h */ = {isa = PBXFileReference; fileEncoding = 4; lastKnownFileType = sourcecode.c.h; path = AMVHomeConsultController.h; sourceTree = "<group>"; };
		2F2527B11937CC9000D62E4B /* AMVHomeConsultController.m */ = {isa = PBXFileReference; fileEncoding = 4; lastKnownFileType = sourcecode.c.objc; path = AMVHomeConsultController.m; sourceTree = "<group>"; };
		2F2527B61937D23200D62E4B /* Calendar-Month.png */ = {isa = PBXFileReference; lastKnownFileType = image.png; path = "Calendar-Month.png"; sourceTree = "<group>"; };
		2F2527B71937D23200D62E4B /* Calendar-Week.png */ = {isa = PBXFileReference; lastKnownFileType = image.png; path = "Calendar-Week.png"; sourceTree = "<group>"; };
		2F2527BA1937D3E900D62E4B /* Folder.png */ = {isa = PBXFileReference; lastKnownFileType = image.png; path = Folder.png; sourceTree = "<group>"; };
		2F2527BB1937D3E900D62E4B /* Open-Mail.png */ = {isa = PBXFileReference; lastKnownFileType = image.png; path = "Open-Mail.png"; sourceTree = "<group>"; };
		2F376D221948C5BA00569682 /* AMVEventsManagerDelegate.h */ = {isa = PBXFileReference; lastKnownFileType = sourcecode.c.h; path = AMVEventsManagerDelegate.h; sourceTree = "<group>"; };
		2F7DDE8D19478F0B00692B51 /* AMVEventsManagerSingleton.h */ = {isa = PBXFileReference; fileEncoding = 4; lastKnownFileType = sourcecode.c.h; path = AMVEventsManagerSingleton.h; sourceTree = "<group>"; };
		2F7DDE8E19478F0B00692B51 /* AMVEventsManagerSingleton.m */ = {isa = PBXFileReference; fileEncoding = 4; lastKnownFileType = sourcecode.c.objc; path = AMVEventsManagerSingleton.m; sourceTree = "<group>"; };
		2F9BE5C6193CEB3A0037A496 /* AMVCareMeUtil.h */ = {isa = PBXFileReference; fileEncoding = 4; lastKnownFileType = sourcecode.c.h; path = AMVCareMeUtil.h; sourceTree = "<group>"; };
		2F9BE5C7193CEB3A0037A496 /* AMVCareMeUtil.m */ = {isa = PBXFileReference; fileEncoding = 4; lastKnownFileType = sourcecode.c.objc; path = AMVCareMeUtil.m; sourceTree = "<group>"; };
		2F9BE5C9193CFCFD0037A496 /* AMVAddConsultController.h */ = {isa = PBXFileReference; fileEncoding = 4; lastKnownFileType = sourcecode.c.h; path = AMVAddConsultController.h; sourceTree = "<group>"; };
		2F9BE5CA193CFCFD0037A496 /* AMVAddConsultController.m */ = {isa = PBXFileReference; fileEncoding = 4; lastKnownFileType = sourcecode.c.objc; path = AMVAddConsultController.m; sourceTree = "<group>"; };
		2F9BE5CB193CFCFD0037A496 /* AMVAddConsultController.xib */ = {isa = PBXFileReference; fileEncoding = 4; lastKnownFileType = file.xib; path = AMVAddConsultController.xib; sourceTree = "<group>"; };
		2F9BE5CE193D0E4C0037A496 /* AMVHomeMedicineController.h */ = {isa = PBXFileReference; fileEncoding = 4; lastKnownFileType = sourcecode.c.h; path = AMVHomeMedicineController.h; sourceTree = "<group>"; };
		2F9BE5CF193D0E4C0037A496 /* AMVHomeMedicineController.m */ = {isa = PBXFileReference; fileEncoding = 4; lastKnownFileType = sourcecode.c.objc; path = AMVHomeMedicineController.m; sourceTree = "<group>"; };
		2F9BE5D0193D0E4C0037A496 /* AMVHomeMedicineController.xib */ = {isa = PBXFileReference; fileEncoding = 4; lastKnownFileType = file.xib; path = AMVHomeMedicineController.xib; sourceTree = "<group>"; };
		2F9BE5D3193D18FB0037A496 /* Medicine.png */ = {isa = PBXFileReference; lastKnownFileType = image.png; path = Medicine.png; sourceTree = "<group>"; };
		2F9BE5D5193E4B950037A496 /* AMVAddMedicineController.h */ = {isa = PBXFileReference; fileEncoding = 4; lastKnownFileType = sourcecode.c.h; path = AMVAddMedicineController.h; sourceTree = "<group>"; };
		2F9BE5D6193E4B950037A496 /* AMVAddMedicineController.m */ = {isa = PBXFileReference; fileEncoding = 4; lastKnownFileType = sourcecode.c.objc; path = AMVAddMedicineController.m; sourceTree = "<group>"; };
		2F9BE5D7193E4B950037A496 /* AMVAddMedicineController.xib */ = {isa = PBXFileReference; fileEncoding = 4; lastKnownFileType = file.xib; path = AMVAddMedicineController.xib; sourceTree = "<group>"; };
		2F9BE60E193E5FE30037A496 /* DSLCalendarDayCalloutView.h */ = {isa = PBXFileReference; fileEncoding = 4; lastKnownFileType = sourcecode.c.h; path = DSLCalendarDayCalloutView.h; sourceTree = "<group>"; };
		2F9BE60F193E5FE30037A496 /* DSLCalendarDayCalloutView.m */ = {isa = PBXFileReference; fileEncoding = 4; lastKnownFileType = sourcecode.c.objc; path = DSLCalendarDayCalloutView.m; sourceTree = "<group>"; };
		2F9BE610193E5FE30037A496 /* DSLCalendarDayCalloutView.xib */ = {isa = PBXFileReference; fileEncoding = 4; lastKnownFileType = file.xib; path = DSLCalendarDayCalloutView.xib; sourceTree = "<group>"; };
		2F9BE611193E5FE30037A496 /* DSLCalendarDayView.h */ = {isa = PBXFileReference; fileEncoding = 4; lastKnownFileType = sourcecode.c.h; path = DSLCalendarDayView.h; sourceTree = "<group>"; };
		2F9BE612193E5FE30037A496 /* DSLCalendarDayView.m */ = {isa = PBXFileReference; fileEncoding = 4; lastKnownFileType = sourcecode.c.objc; path = DSLCalendarDayView.m; sourceTree = "<group>"; };
		2F9BE613193E5FE30037A496 /* DSLCalendarMonthSelectorView.h */ = {isa = PBXFileReference; fileEncoding = 4; lastKnownFileType = sourcecode.c.h; path = DSLCalendarMonthSelectorView.h; sourceTree = "<group>"; };
		2F9BE614193E5FE30037A496 /* DSLCalendarMonthSelectorView.m */ = {isa = PBXFileReference; fileEncoding = 4; lastKnownFileType = sourcecode.c.objc; path = DSLCalendarMonthSelectorView.m; sourceTree = "<group>"; };
		2F9BE615193E5FE30037A496 /* DSLCalendarMonthSelectorView.xib */ = {isa = PBXFileReference; fileEncoding = 4; lastKnownFileType = file.xib; path = DSLCalendarMonthSelectorView.xib; sourceTree = "<group>"; };
		2F9BE616193E5FE30037A496 /* DSLCalendarMonthView.h */ = {isa = PBXFileReference; fileEncoding = 4; lastKnownFileType = sourcecode.c.h; path = DSLCalendarMonthView.h; sourceTree = "<group>"; };
		2F9BE617193E5FE30037A496 /* DSLCalendarMonthView.m */ = {isa = PBXFileReference; fileEncoding = 4; lastKnownFileType = sourcecode.c.objc; path = DSLCalendarMonthView.m; sourceTree = "<group>"; };
		2F9BE618193E5FE30037A496 /* DSLCalendarRange.h */ = {isa = PBXFileReference; fileEncoding = 4; lastKnownFileType = sourcecode.c.h; path = DSLCalendarRange.h; sourceTree = "<group>"; };
		2F9BE619193E5FE30037A496 /* DSLCalendarRange.m */ = {isa = PBXFileReference; fileEncoding = 4; lastKnownFileType = sourcecode.c.objc; path = DSLCalendarRange.m; sourceTree = "<group>"; };
		2F9BE61A193E5FE30037A496 /* DSLCalendarView.h */ = {isa = PBXFileReference; fileEncoding = 4; lastKnownFileType = sourcecode.c.h; path = DSLCalendarView.h; sourceTree = "<group>"; };
		2F9BE61B193E5FE30037A496 /* DSLCalendarView.m */ = {isa = PBXFileReference; fileEncoding = 4; lastKnownFileType = sourcecode.c.objc; path = DSLCalendarView.m; sourceTree = "<group>"; };
		2F9BE61D193E5FE30037A496 /* DSLCalendar-nextMonth.png */ = {isa = PBXFileReference; lastKnownFileType = image.png; path = "DSLCalendar-nextMonth.png"; sourceTree = "<group>"; };
		2F9BE61E193E5FE30037A496 /* DSLCalendar-nextMonth@2x.png */ = {isa = PBXFileReference; lastKnownFileType = image.png; path = "DSLCalendar-nextMonth@2x.png"; sourceTree = "<group>"; };
		2F9BE61F193E5FE30037A496 /* DSLCalendar-previousMonth.png */ = {isa = PBXFileReference; lastKnownFileType = image.png; path = "DSLCalendar-previousMonth.png"; sourceTree = "<group>"; };
		2F9BE620193E5FE30037A496 /* DSLCalendar-previousMonth@2x.png */ = {isa = PBXFileReference; lastKnownFileType = image.png; path = "DSLCalendar-previousMonth@2x.png"; sourceTree = "<group>"; };
		2F9BE621193E5FE30037A496 /* DSLCalendarDayCallout.png */ = {isa = PBXFileReference; lastKnownFileType = image.png; path = DSLCalendarDayCallout.png; sourceTree = "<group>"; };
		2F9BE622193E5FE30037A496 /* DSLCalendarDayCallout@2x.png */ = {isa = PBXFileReference; lastKnownFileType = image.png; path = "DSLCalendarDayCallout@2x.png"; sourceTree = "<group>"; };
		2F9BE623193E5FE30037A496 /* DSLCalendarDaySelection-left.png */ = {isa = PBXFileReference; lastKnownFileType = image.png; path = "DSLCalendarDaySelection-left.png"; sourceTree = "<group>"; };
		2F9BE624193E5FE30037A496 /* DSLCalendarDaySelection-left@2x.png */ = {isa = PBXFileReference; lastKnownFileType = image.png; path = "DSLCalendarDaySelection-left@2x.png"; sourceTree = "<group>"; };
		2F9BE625193E5FE30037A496 /* DSLCalendarDaySelection-middle.png */ = {isa = PBXFileReference; lastKnownFileType = image.png; path = "DSLCalendarDaySelection-middle.png"; sourceTree = "<group>"; };
		2F9BE626193E5FE30037A496 /* DSLCalendarDaySelection-middle@2x.png */ = {isa = PBXFileReference; lastKnownFileType = image.png; path = "DSLCalendarDaySelection-middle@2x.png"; sourceTree = "<group>"; };
		2F9BE627193E5FE30037A496 /* DSLCalendarDaySelection-right.png */ = {isa = PBXFileReference; lastKnownFileType = image.png; path = "DSLCalendarDaySelection-right.png"; sourceTree = "<group>"; };
		2F9BE628193E5FE30037A496 /* DSLCalendarDaySelection-right@2x.png */ = {isa = PBXFileReference; lastKnownFileType = image.png; path = "DSLCalendarDaySelection-right@2x.png"; sourceTree = "<group>"; };
		2F9BE629193E5FE30037A496 /* DSLCalendarDaySelection.png */ = {isa = PBXFileReference; lastKnownFileType = image.png; path = DSLCalendarDaySelection.png; sourceTree = "<group>"; };
		2F9BE62A193E5FE30037A496 /* DSLCalendarDaySelection@2x.png */ = {isa = PBXFileReference; lastKnownFileType = image.png; path = "DSLCalendarDaySelection@2x.png"; sourceTree = "<group>"; };
		2F9BE62B193E5FE30037A496 /* NSDate+DSLCalendarView.h */ = {isa = PBXFileReference; fileEncoding = 4; lastKnownFileType = sourcecode.c.h; path = "NSDate+DSLCalendarView.h"; sourceTree = "<group>"; };
		2F9BE62C193E5FE30037A496 /* NSDate+DSLCalendarView.m */ = {isa = PBXFileReference; fileEncoding = 4; lastKnownFileType = sourcecode.c.objc; path = "NSDate+DSLCalendarView.m"; sourceTree = "<group>"; };
		9F62D320193FA9B2007F30F9 /* AMVConsult.h */ = {isa = PBXFileReference; fileEncoding = 4; lastKnownFileType = sourcecode.c.h; path = AMVConsult.h; sourceTree = "<group>"; };
		9F62D321193FA9B2007F30F9 /* AMVConsult.m */ = {isa = PBXFileReference; fileEncoding = 4; lastKnownFileType = sourcecode.c.objc; path = AMVConsult.m; sourceTree = "<group>"; };
		9F62D323193FAB9A007F30F9 /* AMVMedicine.h */ = {isa = PBXFileReference; fileEncoding = 4; lastKnownFileType = sourcecode.c.h; path = AMVMedicine.h; sourceTree = "<group>"; };
		9F62D324193FAB9A007F30F9 /* AMVMedicine.m */ = {isa = PBXFileReference; fileEncoding = 4; lastKnownFileType = sourcecode.c.objc; path = AMVMedicine.m; sourceTree = "<group>"; };
		9F62D3291940DF7D007F30F9 /* AMVConsultDAO.h */ = {isa = PBXFileReference; fileEncoding = 4; lastKnownFileType = sourcecode.c.h; path = AMVConsultDAO.h; sourceTree = "<group>"; };
		9F62D32A1940DF7D007F30F9 /* AMVConsultDAO.m */ = {isa = PBXFileReference; fileEncoding = 4; lastKnownFileType = sourcecode.c.objc; path = AMVConsultDAO.m; sourceTree = "<group>"; };
		D89D05941942388000E18536 /* AMVConsultDetailsViewController.h */ = {isa = PBXFileReference; fileEncoding = 4; lastKnownFileType = sourcecode.c.h; path = AMVConsultDetailsViewController.h; sourceTree = "<group>"; };
		D89D05951942388000E18536 /* AMVConsultDetailsViewController.m */ = {isa = PBXFileReference; fileEncoding = 4; lastKnownFileType = sourcecode.c.objc; path = AMVConsultDetailsViewController.m; sourceTree = "<group>"; };
		D89D05961942388000E18536 /* AMVConsultDetailsViewController.xib */ = {isa = PBXFileReference; fileEncoding = 4; lastKnownFileType = file.xib; path = AMVConsultDetailsViewController.xib; sourceTree = "<group>"; };
		D89D05991942395400E18536 /* AMVHomeConsultController.xib */ = {isa = PBXFileReference; fileEncoding = 4; lastKnownFileType = file.xib; path = AMVHomeConsultController.xib; sourceTree = "<group>"; };
		D89D05A019425B6700E18536 /* AMVConsultCell.h */ = {isa = PBXFileReference; fileEncoding = 4; lastKnownFileType = sourcecode.c.h; path = AMVConsultCell.h; sourceTree = "<group>"; };
		D89D05A119425B6700E18536 /* AMVConsultCell.m */ = {isa = PBXFileReference; fileEncoding = 4; lastKnownFileType = sourcecode.c.objc; path = AMVConsultCell.m; sourceTree = "<group>"; };
		D89D05A219425B6700E18536 /* AMVConsultCell.xib */ = {isa = PBXFileReference; fileEncoding = 4; lastKnownFileType = file.xib; path = AMVConsultCell.xib; sourceTree = "<group>"; };
		D8D511161946424C008E407C /* AMVMedicineDAO.h */ = {isa = PBXFileReference; fileEncoding = 4; lastKnownFileType = sourcecode.c.h; path = AMVMedicineDAO.h; sourceTree = "<group>"; };
		D8D511171946424C008E407C /* AMVMedicineDAO.m */ = {isa = PBXFileReference; fileEncoding = 4; lastKnownFileType = sourcecode.c.objc; path = AMVMedicineDAO.m; sourceTree = "<group>"; };
		D8FD225A194648D90032863C /* AMVMedicineCell.h */ = {isa = PBXFileReference; fileEncoding = 4; lastKnownFileType = sourcecode.c.h; path = AMVMedicineCell.h; sourceTree = "<group>"; };
		D8FD225B194648D90032863C /* AMVMedicineCell.m */ = {isa = PBXFileReference; fileEncoding = 4; lastKnownFileType = sourcecode.c.objc; path = AMVMedicineCell.m; sourceTree = "<group>"; };
		D8FD225C194648D90032863C /* AMVMedicineCell.xib */ = {isa = PBXFileReference; fileEncoding = 4; lastKnownFileType = file.xib; path = AMVMedicineCell.xib; sourceTree = "<group>"; };
		D8FD225F19464BD10032863C /* AMVMedicineDetailsViewController.h */ = {isa = PBXFileReference; fileEncoding = 4; lastKnownFileType = sourcecode.c.h; path = AMVMedicineDetailsViewController.h; sourceTree = "<group>"; };
		D8FD226019464BD10032863C /* AMVMedicineDetailsViewController.m */ = {isa = PBXFileReference; fileEncoding = 4; lastKnownFileType = sourcecode.c.objc; path = AMVMedicineDetailsViewController.m; sourceTree = "<group>"; };
		D8FD226119464BD10032863C /* AMVMedicineDetailsViewController.xib */ = {isa = PBXFileReference; fileEncoding = 4; lastKnownFileType = file.xib; path = AMVMedicineDetailsViewController.xib; sourceTree = "<group>"; };
/* End PBXFileReference section */

/* Begin PBXFrameworksBuildPhase section */
		2F2527611937BCFE00D62E4B /* Frameworks */ = {
			isa = PBXFrameworksBuildPhase;
			buildActionMask = 2147483647;
			files = (
				2F25276A1937BCFE00D62E4B /* CoreGraphics.framework in Frameworks */,
				2F25276C1937BCFE00D62E4B /* UIKit.framework in Frameworks */,
				2F2527681937BCFE00D62E4B /* Foundation.framework in Frameworks */,
			);
			runOnlyForDeploymentPostprocessing = 0;
		};
		2F25277C1937BCFF00D62E4B /* Frameworks */ = {
			isa = PBXFrameworksBuildPhase;
			buildActionMask = 2147483647;
			files = (
				2F2527811937BCFF00D62E4B /* XCTest.framework in Frameworks */,
				2F2527831937BCFF00D62E4B /* UIKit.framework in Frameworks */,
				2F2527821937BCFF00D62E4B /* Foundation.framework in Frameworks */,
			);
			runOnlyForDeploymentPostprocessing = 0;
		};
/* End PBXFrameworksBuildPhase section */

/* Begin PBXGroup section */
		2F25275B1937BCFE00D62E4B = {
			isa = PBXGroup;
			children = (
				2F2527B51937D23200D62E4B /* Images */,
				2F9BE60D193E5FE30037A496 /* DSLCalendarView */,
				2F25276D1937BCFE00D62E4B /* CareMe */,
				2F2527861937BCFF00D62E4B /* CareMeTests */,
				2F2527661937BCFE00D62E4B /* Frameworks */,
				2F2527651937BCFE00D62E4B /* Products */,
			);
			sourceTree = "<group>";
		};
		2F2527651937BCFE00D62E4B /* Products */ = {
			isa = PBXGroup;
			children = (
				2F2527641937BCFE00D62E4B /* CareMe.app */,
				2F25277F1937BCFF00D62E4B /* CareMeTests.xctest */,
			);
			name = Products;
			sourceTree = "<group>";
		};
		2F2527661937BCFE00D62E4B /* Frameworks */ = {
			isa = PBXGroup;
			children = (
				2F2527671937BCFE00D62E4B /* Foundation.framework */,
				2F2527691937BCFE00D62E4B /* CoreGraphics.framework */,
				2F25276B1937BCFE00D62E4B /* UIKit.framework */,
				2F2527801937BCFF00D62E4B /* XCTest.framework */,
			);
			name = Frameworks;
			sourceTree = "<group>";
		};
		2F25276D1937BCFE00D62E4B /* CareMe */ = {
			isa = PBXGroup;
			children = (
				2F2527761937BCFE00D62E4B /* AMVAppDelegate.h */,
				2F2527771937BCFE00D62E4B /* AMVAppDelegate.m */,
				2F2527791937BCFE00D62E4B /* Images.xcassets */,
				D8CFD90C1947708500EAC205 /* Consult */,
				D8CFD90B1947707D00EAC205 /* Medicine */,
				2F25276E1937BCFE00D62E4B /* Supporting Files */,
				2F25279B1937BE2500D62E4B /* Util */,
			);
			path = CareMe;
			sourceTree = "<group>";
		};
		2F25276E1937BCFE00D62E4B /* Supporting Files */ = {
			isa = PBXGroup;
			children = (
				2F25276F1937BCFE00D62E4B /* CareMe-Info.plist */,
				2F2527701937BCFE00D62E4B /* InfoPlist.strings */,
				2F2527731937BCFE00D62E4B /* main.m */,
				2F2527751937BCFE00D62E4B /* CareMe-Prefix.pch */,
			);
			name = "Supporting Files";
			sourceTree = "<group>";
		};
		2F2527861937BCFF00D62E4B /* CareMeTests */ = {
			isa = PBXGroup;
			children = (
				2F25278C1937BCFF00D62E4B /* CareMeTests.m */,
				2F2527871937BCFF00D62E4B /* Supporting Files */,
			);
			path = CareMeTests;
			sourceTree = "<group>";
		};
		2F2527871937BCFF00D62E4B /* Supporting Files */ = {
			isa = PBXGroup;
			children = (
				2F2527881937BCFF00D62E4B /* CareMeTests-Info.plist */,
				2F2527891937BCFF00D62E4B /* InfoPlist.strings */,
			);
			name = "Supporting Files";
			sourceTree = "<group>";
		};
		2F2527961937BDF800D62E4B /* Controller */ = {
			isa = PBXGroup;
			children = (
				D89D05941942388000E18536 /* AMVConsultDetailsViewController.h */,
				D89D05951942388000E18536 /* AMVConsultDetailsViewController.m */,
				2F2527B01937CC9000D62E4B /* AMVHomeConsultController.h */,
				2F2527B11937CC9000D62E4B /* AMVHomeConsultController.m */,
				2F9BE5C9193CFCFD0037A496 /* AMVAddConsultController.h */,
				2F9BE5CA193CFCFD0037A496 /* AMVAddConsultController.m */,
			);
			name = Controller;
			sourceTree = "<group>";
		};
		2F2527971937BDFE00D62E4B /* Entity */ = {
			isa = PBXGroup;
			children = (
				9F62D320193FA9B2007F30F9 /* AMVConsult.h */,
				9F62D321193FA9B2007F30F9 /* AMVConsult.m */,
			);
			name = Entity;
			sourceTree = "<group>";
		};
		2F2527981937BE0900D62E4B /* DAO */ = {
			isa = PBXGroup;
			children = (
				9F62D3291940DF7D007F30F9 /* AMVConsultDAO.h */,
				9F62D32A1940DF7D007F30F9 /* AMVConsultDAO.m */,
			);
			name = DAO;
			sourceTree = "<group>";
		};
		2F2527991937BE0F00D62E4B /* XIB */ = {
			isa = PBXGroup;
			children = (
				D89D05A219425B6700E18536 /* AMVConsultCell.xib */,
				D89D05961942388000E18536 /* AMVConsultDetailsViewController.xib */,
				D89D05991942395400E18536 /* AMVHomeConsultController.xib */,
				2F9BE5CB193CFCFD0037A496 /* AMVAddConsultController.xib */,
			);
			name = XIB;
			sourceTree = "<group>";
		};
		2F25279B1937BE2500D62E4B /* Util */ = {
			isa = PBXGroup;
			children = (
				2F9BE5C6193CEB3A0037A496 /* AMVCareMeUtil.h */,
				2F9BE5C7193CEB3A0037A496 /* AMVCareMeUtil.m */,
				2F7DDE8D19478F0B00692B51 /* AMVEventsManagerSingleton.h */,
				2F7DDE8E19478F0B00692B51 /* AMVEventsManagerSingleton.m */,
				2F376D221948C5BA00569682 /* AMVEventsManagerDelegate.h */,
			);
			name = Util;
			sourceTree = "<group>";
		};
		2F2527B51937D23200D62E4B /* Images */ = {
			isa = PBXGroup;
			children = (
				2F9BE5D3193D18FB0037A496 /* Medicine.png */,
				2F2527BA1937D3E900D62E4B /* Folder.png */,
				2F2527BB1937D3E900D62E4B /* Open-Mail.png */,
				2F2527B61937D23200D62E4B /* Calendar-Month.png */,
				2F2527B71937D23200D62E4B /* Calendar-Week.png */,
			);
			name = Images;
			path = CareMe/Images;
			sourceTree = "<group>";
		};
		2F9BE60D193E5FE30037A496 /* DSLCalendarView */ = {
			isa = PBXGroup;
			children = (
				2F9BE60E193E5FE30037A496 /* DSLCalendarDayCalloutView.h */,
				2F9BE60F193E5FE30037A496 /* DSLCalendarDayCalloutView.m */,
				2F9BE610193E5FE30037A496 /* DSLCalendarDayCalloutView.xib */,
				2F9BE611193E5FE30037A496 /* DSLCalendarDayView.h */,
				2F9BE612193E5FE30037A496 /* DSLCalendarDayView.m */,
				2F9BE613193E5FE30037A496 /* DSLCalendarMonthSelectorView.h */,
				2F9BE614193E5FE30037A496 /* DSLCalendarMonthSelectorView.m */,
				2F9BE615193E5FE30037A496 /* DSLCalendarMonthSelectorView.xib */,
				2F9BE616193E5FE30037A496 /* DSLCalendarMonthView.h */,
				2F9BE617193E5FE30037A496 /* DSLCalendarMonthView.m */,
				2F9BE618193E5FE30037A496 /* DSLCalendarRange.h */,
				2F9BE619193E5FE30037A496 /* DSLCalendarRange.m */,
				2F9BE61A193E5FE30037A496 /* DSLCalendarView.h */,
				2F9BE61B193E5FE30037A496 /* DSLCalendarView.m */,
				2F9BE61C193E5FE30037A496 /* Images */,
				2F9BE62B193E5FE30037A496 /* NSDate+DSLCalendarView.h */,
				2F9BE62C193E5FE30037A496 /* NSDate+DSLCalendarView.m */,
			);
			path = DSLCalendarView;
			sourceTree = "<group>";
		};
		2F9BE61C193E5FE30037A496 /* Images */ = {
			isa = PBXGroup;
			children = (
				2F9BE61D193E5FE30037A496 /* DSLCalendar-nextMonth.png */,
				2F9BE61E193E5FE30037A496 /* DSLCalendar-nextMonth@2x.png */,
				2F9BE61F193E5FE30037A496 /* DSLCalendar-previousMonth.png */,
				2F9BE620193E5FE30037A496 /* DSLCalendar-previousMonth@2x.png */,
				2F9BE621193E5FE30037A496 /* DSLCalendarDayCallout.png */,
				2F9BE622193E5FE30037A496 /* DSLCalendarDayCallout@2x.png */,
				2F9BE623193E5FE30037A496 /* DSLCalendarDaySelection-left.png */,
				2F9BE624193E5FE30037A496 /* DSLCalendarDaySelection-left@2x.png */,
				2F9BE625193E5FE30037A496 /* DSLCalendarDaySelection-middle.png */,
				2F9BE626193E5FE30037A496 /* DSLCalendarDaySelection-middle@2x.png */,
				2F9BE627193E5FE30037A496 /* DSLCalendarDaySelection-right.png */,
				2F9BE628193E5FE30037A496 /* DSLCalendarDaySelection-right@2x.png */,
				2F9BE629193E5FE30037A496 /* DSLCalendarDaySelection.png */,
				2F9BE62A193E5FE30037A496 /* DSLCalendarDaySelection@2x.png */,
			);
			path = Images;
			sourceTree = "<group>";
		};
		D89D059F19425B1500E18536 /* Cell */ = {
			isa = PBXGroup;
			children = (
				D89D05A019425B6700E18536 /* AMVConsultCell.h */,
				D89D05A119425B6700E18536 /* AMVConsultCell.m */,
			);
			name = Cell;
			sourceTree = "<group>";
		};
		D8CFD90B1947707D00EAC205 /* Medicine */ = {
			isa = PBXGroup;
			children = (
				D8CFD9121947718000EAC205 /* Cell */,
				D8CFD9111947716900EAC205 /* Controller */,
				D8CFD90F1947714500EAC205 /* DAO */,
				D8CFD9101947715500EAC205 /* Entity */,
				D8CFD90E1947712500EAC205 /* XIB */,
			);
			name = Medicine;
			sourceTree = "<group>";
		};
		D8CFD90C1947708500EAC205 /* Consult */ = {
			isa = PBXGroup;
			children = (
				D89D059F19425B1500E18536 /* Cell */,
				2F2527961937BDF800D62E4B /* Controller */,
				2F2527981937BE0900D62E4B /* DAO */,
				2F2527971937BDFE00D62E4B /* Entity */,
				2F2527991937BE0F00D62E4B /* XIB */,
			);
			name = Consult;
			sourceTree = "<group>";
		};
		D8CFD90E1947712500EAC205 /* XIB */ = {
			isa = PBXGroup;
			children = (
				2F9BE5D7193E4B950037A496 /* AMVAddMedicineController.xib */,
				D8FD226119464BD10032863C /* AMVMedicineDetailsViewController.xib */,
				D8FD225C194648D90032863C /* AMVMedicineCell.xib */,
				2F9BE5D0193D0E4C0037A496 /* AMVHomeMedicineController.xib */,
			);
			name = XIB;
			sourceTree = "<group>";
		};
		D8CFD90F1947714500EAC205 /* DAO */ = {
			isa = PBXGroup;
			children = (
				D8D511161946424C008E407C /* AMVMedicineDAO.h */,
				D8D511171946424C008E407C /* AMVMedicineDAO.m */,
			);
			name = DAO;
			sourceTree = "<group>";
		};
		D8CFD9101947715500EAC205 /* Entity */ = {
			isa = PBXGroup;
			children = (
				9F62D323193FAB9A007F30F9 /* AMVMedicine.h */,
				9F62D324193FAB9A007F30F9 /* AMVMedicine.m */,
			);
			name = Entity;
			sourceTree = "<group>";
		};
		D8CFD9111947716900EAC205 /* Controller */ = {
			isa = PBXGroup;
			children = (
				2F9BE5CE193D0E4C0037A496 /* AMVHomeMedicineController.h */,
				2F9BE5CF193D0E4C0037A496 /* AMVHomeMedicineController.m */,
				2F9BE5D5193E4B950037A496 /* AMVAddMedicineController.h */,
				2F9BE5D6193E4B950037A496 /* AMVAddMedicineController.m */,
				D8FD225F19464BD10032863C /* AMVMedicineDetailsViewController.h */,
				D8FD226019464BD10032863C /* AMVMedicineDetailsViewController.m */,
			);
			name = Controller;
			sourceTree = "<group>";
		};
		D8CFD9121947718000EAC205 /* Cell */ = {
			isa = PBXGroup;
			children = (
				D8FD225A194648D90032863C /* AMVMedicineCell.h */,
				D8FD225B194648D90032863C /* AMVMedicineCell.m */,
			);
			name = Cell;
			sourceTree = "<group>";
		};
/* End PBXGroup section */

/* Begin PBXNativeTarget section */
		2F2527631937BCFE00D62E4B /* CareMe */ = {
			isa = PBXNativeTarget;
			buildConfigurationList = 2F2527901937BCFF00D62E4B /* Build configuration list for PBXNativeTarget "CareMe" */;
			buildPhases = (
				2F2527601937BCFE00D62E4B /* Sources */,
				2F2527611937BCFE00D62E4B /* Frameworks */,
				2F2527621937BCFE00D62E4B /* Resources */,
			);
			buildRules = (
			);
			dependencies = (
			);
			name = CareMe;
			productName = CareMe;
			productReference = 2F2527641937BCFE00D62E4B /* CareMe.app */;
			productType = "com.apple.product-type.application";
		};
		2F25277E1937BCFF00D62E4B /* CareMeTests */ = {
			isa = PBXNativeTarget;
			buildConfigurationList = 2F2527931937BCFF00D62E4B /* Build configuration list for PBXNativeTarget "CareMeTests" */;
			buildPhases = (
				2F25277B1937BCFF00D62E4B /* Sources */,
				2F25277C1937BCFF00D62E4B /* Frameworks */,
				2F25277D1937BCFF00D62E4B /* Resources */,
			);
			buildRules = (
			);
			dependencies = (
				2F2527851937BCFF00D62E4B /* PBXTargetDependency */,
			);
			name = CareMeTests;
			productName = CareMeTests;
			productReference = 2F25277F1937BCFF00D62E4B /* CareMeTests.xctest */;
			productType = "com.apple.product-type.bundle.unit-test";
		};
/* End PBXNativeTarget section */

/* Begin PBXProject section */
		2F25275C1937BCFE00D62E4B /* Project object */ = {
			isa = PBXProject;
			attributes = {
				CLASSPREFIX = AMV;
				LastUpgradeCheck = 0510;
				ORGANIZATIONNAME = "Alysson Matheus Victor";
				TargetAttributes = {
					2F25277E1937BCFF00D62E4B = {
						TestTargetID = 2F2527631937BCFE00D62E4B;
					};
				};
			};
			buildConfigurationList = 2F25275F1937BCFE00D62E4B /* Build configuration list for PBXProject "CareMe" */;
			compatibilityVersion = "Xcode 3.2";
			developmentRegion = English;
			hasScannedForEncodings = 0;
			knownRegions = (
				en,
				English,
				French,
			);
			mainGroup = 2F25275B1937BCFE00D62E4B;
			productRefGroup = 2F2527651937BCFE00D62E4B /* Products */;
			projectDirPath = "";
			projectRoot = "";
			targets = (
				2F2527631937BCFE00D62E4B /* CareMe */,
				2F25277E1937BCFF00D62E4B /* CareMeTests */,
			);
		};
/* End PBXProject section */

/* Begin PBXResourcesBuildPhase section */
		2F2527621937BCFE00D62E4B /* Resources */ = {
			isa = PBXResourcesBuildPhase;
			buildActionMask = 2147483647;
			files = (
				2F2527721937BCFE00D62E4B /* InfoPlist.strings in Resources */,
				2F2527BD1937D3E900D62E4B /* Open-Mail.png in Resources */,
				D89D059A1942395400E18536 /* AMVHomeConsultController.xib in Resources */,
				2F25277A1937BCFE00D62E4B /* Images.xcassets in Resources */,
				2F9BE5D4193D18FB0037A496 /* Medicine.png in Resources */,
				2F9BE62E193E5FE30037A496 /* DSLCalendarDayCalloutView.xib in Resources */,
				D89D05A419425B6700E18536 /* AMVConsultCell.xib in Resources */,
				2F9BE63C193E5FE30037A496 /* DSLCalendarDaySelection-left@2x.png in Resources */,
				D8FD225E194648D90032863C /* AMVMedicineCell.xib in Resources */,
				2F9BE63D193E5FE30037A496 /* DSLCalendarDaySelection-middle.png in Resources */,
				2F9BE63A193E5FE30037A496 /* DSLCalendarDayCallout@2x.png in Resources */,
				2F2527B81937D23200D62E4B /* Calendar-Month.png in Resources */,
				2F2527B91937D23200D62E4B /* Calendar-Week.png in Resources */,
				2F9BE5CD193CFCFD0037A496 /* AMVAddConsultController.xib in Resources */,
				2F9BE5D9193E4B950037A496 /* AMVAddMedicineController.xib in Resources */,
				2F9BE5D2193D0E4C0037A496 /* AMVHomeMedicineController.xib in Resources */,
				2F9BE638193E5FE30037A496 /* DSLCalendar-previousMonth@2x.png in Resources */,
				2F9BE631193E5FE30037A496 /* DSLCalendarMonthSelectorView.xib in Resources */,
				2F9BE63F193E5FE30037A496 /* DSLCalendarDaySelection-right.png in Resources */,
				2F9BE641193E5FE30037A496 /* DSLCalendarDaySelection.png in Resources */,
				2F2527BC1937D3E900D62E4B /* Folder.png in Resources */,
				2F9BE637193E5FE30037A496 /* DSLCalendar-previousMonth.png in Resources */,
				D8FD226319464BD10032863C /* AMVMedicineDetailsViewController.xib in Resources */,
				2F9BE642193E5FE30037A496 /* DSLCalendarDaySelection@2x.png in Resources */,
				D89D05981942388000E18536 /* AMVConsultDetailsViewController.xib in Resources */,
				2F9BE63E193E5FE30037A496 /* DSLCalendarDaySelection-middle@2x.png in Resources */,
				2F9BE63B193E5FE30037A496 /* DSLCalendarDaySelection-left.png in Resources */,
				2F9BE639193E5FE30037A496 /* DSLCalendarDayCallout.png in Resources */,
				2F9BE635193E5FE30037A496 /* DSLCalendar-nextMonth.png in Resources */,
				2F9BE640193E5FE30037A496 /* DSLCalendarDaySelection-right@2x.png in Resources */,
				2F9BE636193E5FE30037A496 /* DSLCalendar-nextMonth@2x.png in Resources */,
			);
			runOnlyForDeploymentPostprocessing = 0;
		};
		2F25277D1937BCFF00D62E4B /* Resources */ = {
			isa = PBXResourcesBuildPhase;
			buildActionMask = 2147483647;
			files = (
				2F25278B1937BCFF00D62E4B /* InfoPlist.strings in Resources */,
			);
			runOnlyForDeploymentPostprocessing = 0;
		};
/* End PBXResourcesBuildPhase section */

/* Begin PBXSourcesBuildPhase section */
		2F2527601937BCFE00D62E4B /* Sources */ = {
			isa = PBXSourcesBuildPhase;
			buildActionMask = 2147483647;
			files = (
				2F9BE632193E5FE30037A496 /* DSLCalendarMonthView.m in Sources */,
				2F9BE630193E5FE30037A496 /* DSLCalendarMonthSelectorView.m in Sources */,
				2F9BE62D193E5FE30037A496 /* DSLCalendarDayCalloutView.m in Sources */,
				2F7DDE8F19478F0B00692B51 /* AMVEventsManagerSingleton.m in Sources */,
				9F62D322193FA9B2007F30F9 /* AMVConsult.m in Sources */,
				2F9BE5D8193E4B950037A496 /* AMVAddMedicineController.m in Sources */,
				2F9BE5CC193CFCFD0037A496 /* AMVAddConsultController.m in Sources */,
				2F2527741937BCFE00D62E4B /* main.m in Sources */,
				2F9BE5C8193CEB3A0037A496 /* AMVCareMeUtil.m in Sources */,
				2F2527B31937CC9000D62E4B /* AMVHomeConsultController.m in Sources */,
				2F9BE634193E5FE30037A496 /* DSLCalendarView.m in Sources */,
				9F62D325193FAB9A007F30F9 /* AMVMedicine.m in Sources */,
				2F2527781937BCFE00D62E4B /* AMVAppDelegate.m in Sources */,
				D8FD225D194648D90032863C /* AMVMedicineCell.m in Sources */,
				2F9BE62F193E5FE30037A496 /* DSLCalendarDayView.m in Sources */,
				D8D511181946424C008E407C /* AMVMedicineDAO.m in Sources */,
				2F9BE5D1193D0E4C0037A496 /* AMVHomeMedicineController.m in Sources */,
				2F9BE633193E5FE30037A496 /* DSLCalendarRange.m in Sources */,
				9F62D32B1940DF7D007F30F9 /* AMVConsultDAO.m in Sources */,
				D8FD226219464BD10032863C /* AMVMedicineDetailsViewController.m in Sources */,
				2F9BE643193E5FE30037A496 /* NSDate+DSLCalendarView.m in Sources */,
				D89D05971942388000E18536 /* AMVConsultDetailsViewController.m in Sources */,
				D89D05A319425B6700E18536 /* AMVConsultCell.m in Sources */,
			);
			runOnlyForDeploymentPostprocessing = 0;
		};
		2F25277B1937BCFF00D62E4B /* Sources */ = {
			isa = PBXSourcesBuildPhase;
			buildActionMask = 2147483647;
			files = (
				2F25278D1937BCFF00D62E4B /* CareMeTests.m in Sources */,
			);
			runOnlyForDeploymentPostprocessing = 0;
		};
/* End PBXSourcesBuildPhase section */

/* Begin PBXTargetDependency section */
		2F2527851937BCFF00D62E4B /* PBXTargetDependency */ = {
			isa = PBXTargetDependency;
			target = 2F2527631937BCFE00D62E4B /* CareMe */;
			targetProxy = 2F2527841937BCFF00D62E4B /* PBXContainerItemProxy */;
		};
/* End PBXTargetDependency section */

/* Begin PBXVariantGroup section */
		2F2527701937BCFE00D62E4B /* InfoPlist.strings */ = {
			isa = PBXVariantGroup;
			children = (
				2F2527711937BCFE00D62E4B /* en */,
			);
			name = InfoPlist.strings;
			sourceTree = "<group>";
		};
		2F2527891937BCFF00D62E4B /* InfoPlist.strings */ = {
			isa = PBXVariantGroup;
			children = (
				2F25278A1937BCFF00D62E4B /* en */,
			);
			name = InfoPlist.strings;
			sourceTree = "<group>";
		};
/* End PBXVariantGroup section */

/* Begin XCBuildConfiguration section */
		2F25278E1937BCFF00D62E4B /* Debug */ = {
			isa = XCBuildConfiguration;
			buildSettings = {
				ALWAYS_SEARCH_USER_PATHS = NO;
				CLANG_CXX_LANGUAGE_STANDARD = "gnu++0x";
				CLANG_CXX_LIBRARY = "libc++";
				CLANG_ENABLE_MODULES = YES;
				CLANG_ENABLE_OBJC_ARC = YES;
				CLANG_WARN_BOOL_CONVERSION = YES;
				CLANG_WARN_CONSTANT_CONVERSION = YES;
				CLANG_WARN_DIRECT_OBJC_ISA_USAGE = YES_ERROR;
				CLANG_WARN_EMPTY_BODY = YES;
				CLANG_WARN_ENUM_CONVERSION = YES;
				CLANG_WARN_INT_CONVERSION = YES;
				CLANG_WARN_OBJC_ROOT_CLASS = YES_ERROR;
				CLANG_WARN__DUPLICATE_METHOD_MATCH = YES;
				"CODE_SIGN_IDENTITY[sdk=iphoneos*]" = "iPhone Developer";
				COPY_PHASE_STRIP = NO;
				GCC_C_LANGUAGE_STANDARD = gnu99;
				GCC_DYNAMIC_NO_PIC = NO;
				GCC_OPTIMIZATION_LEVEL = 0;
				GCC_PREPROCESSOR_DEFINITIONS = (
					"DEBUG=1",
					"$(inherited)",
				);
				GCC_SYMBOLS_PRIVATE_EXTERN = NO;
				GCC_WARN_64_TO_32_BIT_CONVERSION = YES;
				GCC_WARN_ABOUT_RETURN_TYPE = YES_ERROR;
				GCC_WARN_UNDECLARED_SELECTOR = YES;
				GCC_WARN_UNINITIALIZED_AUTOS = YES_AGGRESSIVE;
				GCC_WARN_UNUSED_FUNCTION = YES;
				GCC_WARN_UNUSED_VARIABLE = YES;
				IPHONEOS_DEPLOYMENT_TARGET = 7.1;
				ONLY_ACTIVE_ARCH = YES;
				SDKROOT = iphoneos;
			};
			name = Debug;
		};
		2F25278F1937BCFF00D62E4B /* Release */ = {
			isa = XCBuildConfiguration;
			buildSettings = {
				ALWAYS_SEARCH_USER_PATHS = NO;
				CLANG_CXX_LANGUAGE_STANDARD = "gnu++0x";
				CLANG_CXX_LIBRARY = "libc++";
				CLANG_ENABLE_MODULES = YES;
				CLANG_ENABLE_OBJC_ARC = YES;
				CLANG_WARN_BOOL_CONVERSION = YES;
				CLANG_WARN_CONSTANT_CONVERSION = YES;
				CLANG_WARN_DIRECT_OBJC_ISA_USAGE = YES_ERROR;
				CLANG_WARN_EMPTY_BODY = YES;
				CLANG_WARN_ENUM_CONVERSION = YES;
				CLANG_WARN_INT_CONVERSION = YES;
				CLANG_WARN_OBJC_ROOT_CLASS = YES_ERROR;
				CLANG_WARN__DUPLICATE_METHOD_MATCH = YES;
				"CODE_SIGN_IDENTITY[sdk=iphoneos*]" = "iPhone Developer";
				COPY_PHASE_STRIP = YES;
				ENABLE_NS_ASSERTIONS = NO;
				GCC_C_LANGUAGE_STANDARD = gnu99;
				GCC_WARN_64_TO_32_BIT_CONVERSION = YES;
				GCC_WARN_ABOUT_RETURN_TYPE = YES_ERROR;
				GCC_WARN_UNDECLARED_SELECTOR = YES;
				GCC_WARN_UNINITIALIZED_AUTOS = YES_AGGRESSIVE;
				GCC_WARN_UNUSED_FUNCTION = YES;
				GCC_WARN_UNUSED_VARIABLE = YES;
				IPHONEOS_DEPLOYMENT_TARGET = 7.1;
				SDKROOT = iphoneos;
				VALIDATE_PRODUCT = YES;
			};
			name = Release;
		};
		2F2527911937BCFF00D62E4B /* Debug */ = {
			isa = XCBuildConfiguration;
			buildSettings = {
				ASSETCATALOG_COMPILER_APPICON_NAME = AppIcon;
				ASSETCATALOG_COMPILER_LAUNCHIMAGE_NAME = LaunchImage;
				GCC_PRECOMPILE_PREFIX_HEADER = YES;
				GCC_PREFIX_HEADER = "CareMe/CareMe-Prefix.pch";
				INFOPLIST_FILE = "CareMe/CareMe-Info.plist";
				PRODUCT_NAME = "$(TARGET_NAME)";
				WRAPPER_EXTENSION = app;
			};
			name = Debug;
		};
		2F2527921937BCFF00D62E4B /* Release */ = {
			isa = XCBuildConfiguration;
			buildSettings = {
				ASSETCATALOG_COMPILER_APPICON_NAME = AppIcon;
				ASSETCATALOG_COMPILER_LAUNCHIMAGE_NAME = LaunchImage;
				GCC_PRECOMPILE_PREFIX_HEADER = YES;
				GCC_PREFIX_HEADER = "CareMe/CareMe-Prefix.pch";
				INFOPLIST_FILE = "CareMe/CareMe-Info.plist";
				PRODUCT_NAME = "$(TARGET_NAME)";
				WRAPPER_EXTENSION = app;
			};
			name = Release;
		};
		2F2527941937BCFF00D62E4B /* Debug */ = {
			isa = XCBuildConfiguration;
			buildSettings = {
				BUNDLE_LOADER = "$(BUILT_PRODUCTS_DIR)/CareMe.app/CareMe";
				FRAMEWORK_SEARCH_PATHS = (
					"$(SDKROOT)/Developer/Library/Frameworks",
					"$(inherited)",
					"$(DEVELOPER_FRAMEWORKS_DIR)",
				);
				GCC_PRECOMPILE_PREFIX_HEADER = YES;
				GCC_PREFIX_HEADER = "CareMe/CareMe-Prefix.pch";
				GCC_PREPROCESSOR_DEFINITIONS = (
					"DEBUG=1",
					"$(inherited)",
				);
				INFOPLIST_FILE = "CareMeTests/CareMeTests-Info.plist";
				PRODUCT_NAME = "$(TARGET_NAME)";
				TEST_HOST = "$(BUNDLE_LOADER)";
				WRAPPER_EXTENSION = xctest;
			};
			name = Debug;
		};
		2F2527951937BCFF00D62E4B /* Release */ = {
			isa = XCBuildConfiguration;
			buildSettings = {
				BUNDLE_LOADER = "$(BUILT_PRODUCTS_DIR)/CareMe.app/CareMe";
				FRAMEWORK_SEARCH_PATHS = (
					"$(SDKROOT)/Developer/Library/Frameworks",
					"$(inherited)",
					"$(DEVELOPER_FRAMEWORKS_DIR)",
				);
				GCC_PRECOMPILE_PREFIX_HEADER = YES;
				GCC_PREFIX_HEADER = "CareMe/CareMe-Prefix.pch";
				INFOPLIST_FILE = "CareMeTests/CareMeTests-Info.plist";
				PRODUCT_NAME = "$(TARGET_NAME)";
				TEST_HOST = "$(BUNDLE_LOADER)";
				WRAPPER_EXTENSION = xctest;
			};
			name = Release;
		};
/* End XCBuildConfiguration section */

/* Begin XCConfigurationList section */
		2F25275F1937BCFE00D62E4B /* Build configuration list for PBXProject "CareMe" */ = {
			isa = XCConfigurationList;
			buildConfigurations = (
				2F25278E1937BCFF00D62E4B /* Debug */,
				2F25278F1937BCFF00D62E4B /* Release */,
			);
			defaultConfigurationIsVisible = 0;
			defaultConfigurationName = Release;
		};
		2F2527901937BCFF00D62E4B /* Build configuration list for PBXNativeTarget "CareMe" */ = {
			isa = XCConfigurationList;
			buildConfigurations = (
				2F2527911937BCFF00D62E4B /* Debug */,
				2F2527921937BCFF00D62E4B /* Release */,
			);
			defaultConfigurationIsVisible = 0;
			defaultConfigurationName = Release;
		};
		2F2527931937BCFF00D62E4B /* Build configuration list for PBXNativeTarget "CareMeTests" */ = {
			isa = XCConfigurationList;
			buildConfigurations = (
				2F2527941937BCFF00D62E4B /* Debug */,
				2F2527951937BCFF00D62E4B /* Release */,
			);
			defaultConfigurationIsVisible = 0;
			defaultConfigurationName = Release;
		};
/* End XCConfigurationList section */
	};
	rootObject = 2F25275C1937BCFE00D62E4B /* Project object */;
}
