// !$*UTF8*$!
{
	archiveVersion = 1;
	classes = {
	};
	objectVersion = 46;
	objects = {

/* Begin PBXBuildFile section */
		2F2527681937BCFE00D62E4B /* Foundation.framework in Frameworks */ = {isa = PBXBuildFile; fileRef = 2F2527671937BCFE00D62E4B /* Foundation.framework */; };
		2F25276A1937BCFE00D62E4B /* CoreGraphics.framework in Frameworks */ = {isa = PBXBuildFile; fileRef = 2F2527691937BCFE00D62E4B /* CoreGraphics.framework */; };
		2F25276C1937BCFE00D62E4B /* UIKit.framework in Frameworks */ = {isa = PBXBuildFile; fileRef = 2F25276B1937BCFE00D62E4B /* UIKit.framework */; };
		2F2527721937BCFE00D62E4B /* InfoPlist.strings in Resources */ = {isa = PBXBuildFile; fileRef = 2F2527701937BCFE00D62E4B /* InfoPlist.strings */; };
		2F2527741937BCFE00D62E4B /* main.m in Sources */ = {isa = PBXBuildFile; fileRef = 2F2527731937BCFE00D62E4B /* main.m */; };
		2F2527781937BCFE00D62E4B /* AMVAppDelegate.m in Sources */ = {isa = PBXBuildFile; fileRef = 2F2527771937BCFE00D62E4B /* AMVAppDelegate.m */; };
		2F25277A1937BCFE00D62E4B /* Images.xcassets in Resources */ = {isa = PBXBuildFile; fileRef = 2F2527791937BCFE00D62E4B /* Images.xcassets */; };
		2F2527811937BCFF00D62E4B /* XCTest.framework in Frameworks */ = {isa = PBXBuildFile; fileRef = 2F2527801937BCFF00D62E4B /* XCTest.framework */; };
		2F2527821937BCFF00D62E4B /* Foundation.framework in Frameworks */ = {isa = PBXBuildFile; fileRef = 2F2527671937BCFE00D62E4B /* Foundation.framework */; };
		2F2527831937BCFF00D62E4B /* UIKit.framework in Frameworks */ = {isa = PBXBuildFile; fileRef = 2F25276B1937BCFE00D62E4B /* UIKit.framework */; };
		2F25278B1937BCFF00D62E4B /* InfoPlist.strings in Resources */ = {isa = PBXBuildFile; fileRef = 2F2527891937BCFF00D62E4B /* InfoPlist.strings */; };
		2F25278D1937BCFF00D62E4B /* CareMeTests.m in Sources */ = {isa = PBXBuildFile; fileRef = 2F25278C1937BCFF00D62E4B /* CareMeTests.m */; };
		2F2527B31937CC9000D62E4B /* AMVHomeConsultController.m in Sources */ = {isa = PBXBuildFile; fileRef = 2F2527B11937CC9000D62E4B /* AMVHomeConsultController.m */; };
		2F2527B41937CC9000D62E4B /* AMVHomeConsultController.xib in Resources */ = {isa = PBXBuildFile; fileRef = 2F2527B21937CC9000D62E4B /* AMVHomeConsultController.xib */; };
		2F2527B81937D23200D62E4B /* Calendar-Month.png in Resources */ = {isa = PBXBuildFile; fileRef = 2F2527B61937D23200D62E4B /* Calendar-Month.png */; };
		2F2527B91937D23200D62E4B /* Calendar-Week.png in Resources */ = {isa = PBXBuildFile; fileRef = 2F2527B71937D23200D62E4B /* Calendar-Week.png */; };
		2F2527BC1937D3E900D62E4B /* Folder.png in Resources */ = {isa = PBXBuildFile; fileRef = 2F2527BA1937D3E900D62E4B /* Folder.png */; };
		2F2527BD1937D3E900D62E4B /* Open-Mail.png in Resources */ = {isa = PBXBuildFile; fileRef = 2F2527BB1937D3E900D62E4B /* Open-Mail.png */; };
		2F9BE5C8193CEB3A0037A496 /* AMVCareMeUtil.m in Sources */ = {isa = PBXBuildFile; fileRef = 2F9BE5C7193CEB3A0037A496 /* AMVCareMeUtil.m */; };
		2F9BE5CC193CFCFD0037A496 /* AMVAddConsultController.m in Sources */ = {isa = PBXBuildFile; fileRef = 2F9BE5CA193CFCFD0037A496 /* AMVAddConsultController.m */; };
		2F9BE5CD193CFCFD0037A496 /* AMVAddConsultController.xib in Resources */ = {isa = PBXBuildFile; fileRef = 2F9BE5CB193CFCFD0037A496 /* AMVAddConsultController.xib */; };
/* End PBXBuildFile section */

/* Begin PBXContainerItemProxy section */
		2F2527841937BCFF00D62E4B /* PBXContainerItemProxy */ = {
			isa = PBXContainerItemProxy;
			containerPortal = 2F25275C1937BCFE00D62E4B /* Project object */;
			proxyType = 1;
			remoteGlobalIDString = 2F2527631937BCFE00D62E4B;
			remoteInfo = CareMe;
		};
/* End PBXContainerItemProxy section */

/* Begin PBXFileReference section */
		2F2527641937BCFE00D62E4B /* CareMe.app */ = {isa = PBXFileReference; explicitFileType = wrapper.application; includeInIndex = 0; path = CareMe.app; sourceTree = BUILT_PRODUCTS_DIR; };
		2F2527671937BCFE00D62E4B /* Foundation.framework */ = {isa = PBXFileReference; lastKnownFileType = wrapper.framework; name = Foundation.framework; path = System/Library/Frameworks/Foundation.framework; sourceTree = SDKROOT; };
		2F2527691937BCFE00D62E4B /* CoreGraphics.framework */ = {isa = PBXFileReference; lastKnownFileType = wrapper.framework; name = CoreGraphics.framework; path = System/Library/Frameworks/CoreGraphics.framework; sourceTree = SDKROOT; };
		2F25276B1937BCFE00D62E4B /* UIKit.framework */ = {isa = PBXFileReference; lastKnownFileType = wrapper.framework; name = UIKit.framework; path = System/Library/Frameworks/UIKit.framework; sourceTree = SDKROOT; };
		2F25276F1937BCFE00D62E4B /* CareMe-Info.plist */ = {isa = PBXFileReference; lastKnownFileType = text.plist.xml; path = "CareMe-Info.plist"; sourceTree = "<group>"; };
		2F2527711937BCFE00D62E4B /* en */ = {isa = PBXFileReference; lastKnownFileType = text.plist.strings; name = en; path = en.lproj/InfoPlist.strings; sourceTree = "<group>"; };
		2F2527731937BCFE00D62E4B /* main.m */ = {isa = PBXFileReference; lastKnownFileType = sourcecode.c.objc; path = main.m; sourceTree = "<group>"; };
		2F2527751937BCFE00D62E4B /* CareMe-Prefix.pch */ = {isa = PBXFileReference; lastKnownFileType = sourcecode.c.h; path = "CareMe-Prefix.pch"; sourceTree = "<group>"; };
		2F2527761937BCFE00D62E4B /* AMVAppDelegate.h */ = {isa = PBXFileReference; lastKnownFileType = sourcecode.c.h; path = AMVAppDelegate.h; sourceTree = "<group>"; };
		2F2527771937BCFE00D62E4B /* AMVAppDelegate.m */ = {isa = PBXFileReference; lastKnownFileType = sourcecode.c.objc; path = AMVAppDelegate.m; sourceTree = "<group>"; };
		2F2527791937BCFE00D62E4B /* Images.xcassets */ = {isa = PBXFileReference; lastKnownFileType = folder.assetcatalog; path = Images.xcassets; sourceTree = "<group>"; };
		2F25277F1937BCFF00D62E4B /* CareMeTests.xctest */ = {isa = PBXFileReference; explicitFileType = wrapper.cfbundle; includeInIndex = 0; path = CareMeTests.xctest; sourceTree = BUILT_PRODUCTS_DIR; };
		2F2527801937BCFF00D62E4B /* XCTest.framework */ = {isa = PBXFileReference; lastKnownFileType = wrapper.framework; name = XCTest.framework; path = Library/Frameworks/XCTest.framework; sourceTree = DEVELOPER_DIR; };
		2F2527881937BCFF00D62E4B /* CareMeTests-Info.plist */ = {isa = PBXFileReference; lastKnownFileType = text.plist.xml; path = "CareMeTests-Info.plist"; sourceTree = "<group>"; };
		2F25278A1937BCFF00D62E4B /* en */ = {isa = PBXFileReference; lastKnownFileType = text.plist.strings; name = en; path = en.lproj/InfoPlist.strings; sourceTree = "<group>"; };
		2F25278C1937BCFF00D62E4B /* CareMeTests.m */ = {isa = PBXFileReference; lastKnownFileType = sourcecode.c.objc; path = CareMeTests.m; sourceTree = "<group>"; };
		2F2527B01937CC9000D62E4B /* AMVHomeConsultController.h */ = {isa = PBXFileReference; fileEncoding = 4; lastKnownFileType = sourcecode.c.h; path = AMVHomeConsultController.h; sourceTree = "<group>"; };
		2F2527B11937CC9000D62E4B /* AMVHomeConsultController.m */ = {isa = PBXFileReference; fileEncoding = 4; lastKnownFileType = sourcecode.c.objc; path = AMVHomeConsultController.m; sourceTree = "<group>"; };
		2F2527B21937CC9000D62E4B /* AMVHomeConsultController.xib */ = {isa = PBXFileReference; fileEncoding = 4; lastKnownFileType = file.xib; path = AMVHomeConsultController.xib; sourceTree = "<group>"; };
		2F2527B61937D23200D62E4B /* Calendar-Month.png */ = {isa = PBXFileReference; lastKnownFileType = image.png; path = "Calendar-Month.png"; sourceTree = "<group>"; };
		2F2527B71937D23200D62E4B /* Calendar-Week.png */ = {isa = PBXFileReference; lastKnownFileType = image.png; path = "Calendar-Week.png"; sourceTree = "<group>"; };
		2F2527BA1937D3E900D62E4B /* Folder.png */ = {isa = PBXFileReference; lastKnownFileType = image.png; path = Folder.png; sourceTree = "<group>"; };
		2F2527BB1937D3E900D62E4B /* Open-Mail.png */ = {isa = PBXFileReference; lastKnownFileType = image.png; path = "Open-Mail.png"; sourceTree = "<group>"; };
		2F9BE5C6193CEB3A0037A496 /* AMVCareMeUtil.h */ = {isa = PBXFileReference; fileEncoding = 4; lastKnownFileType = sourcecode.c.h; path = AMVCareMeUtil.h; sourceTree = "<group>"; };
		2F9BE5C7193CEB3A0037A496 /* AMVCareMeUtil.m */ = {isa = PBXFileReference; fileEncoding = 4; lastKnownFileType = sourcecode.c.objc; path = AMVCareMeUtil.m; sourceTree = "<group>"; };
		2F9BE5C9193CFCFD0037A496 /* AMVAddConsultController.h */ = {isa = PBXFileReference; fileEncoding = 4; lastKnownFileType = sourcecode.c.h; path = AMVAddConsultController.h; sourceTree = "<group>"; };
		2F9BE5CA193CFCFD0037A496 /* AMVAddConsultController.m */ = {isa = PBXFileReference; fileEncoding = 4; lastKnownFileType = sourcecode.c.objc; path = AMVAddConsultController.m; sourceTree = "<group>"; };
		2F9BE5CB193CFCFD0037A496 /* AMVAddConsultController.xib */ = {isa = PBXFileReference; fileEncoding = 4; lastKnownFileType = file.xib; path = AMVAddConsultController.xib; sourceTree = "<group>"; };
/* End PBXFileReference section */

/* Begin PBXFrameworksBuildPhase section */
		2F2527611937BCFE00D62E4B /* Frameworks */ = {
			isa = PBXFrameworksBuildPhase;
			buildActionMask = 2147483647;
			files = (
				2F25276A1937BCFE00D62E4B /* CoreGraphics.framework in Frameworks */,
				2F25276C1937BCFE00D62E4B /* UIKit.framework in Frameworks */,
				2F2527681937BCFE00D62E4B /* Foundation.framework in Frameworks */,
			);
			runOnlyForDeploymentPostprocessing = 0;
		};
		2F25277C1937BCFF00D62E4B /* Frameworks */ = {
			isa = PBXFrameworksBuildPhase;
			buildActionMask = 2147483647;
			files = (
				2F2527811937BCFF00D62E4B /* XCTest.framework in Frameworks */,
				2F2527831937BCFF00D62E4B /* UIKit.framework in Frameworks */,
				2F2527821937BCFF00D62E4B /* Foundation.framework in Frameworks */,
			);
			runOnlyForDeploymentPostprocessing = 0;
		};
/* End PBXFrameworksBuildPhase section */

/* Begin PBXGroup section */
		2F25275B1937BCFE00D62E4B = {
			isa = PBXGroup;
			children = (
				2F25276D1937BCFE00D62E4B /* CareMe */,
				2F2527861937BCFF00D62E4B /* CareMeTests */,
				2F2527661937BCFE00D62E4B /* Frameworks */,
				2F2527651937BCFE00D62E4B /* Products */,
			);
			sourceTree = "<group>";
		};
		2F2527651937BCFE00D62E4B /* Products */ = {
			isa = PBXGroup;
			children = (
				2F2527641937BCFE00D62E4B /* CareMe.app */,
				2F25277F1937BCFF00D62E4B /* CareMeTests.xctest */,
			);
			name = Products;
			sourceTree = "<group>";
		};
		2F2527661937BCFE00D62E4B /* Frameworks */ = {
			isa = PBXGroup;
			children = (
				2F2527671937BCFE00D62E4B /* Foundation.framework */,
				2F2527691937BCFE00D62E4B /* CoreGraphics.framework */,
				2F25276B1937BCFE00D62E4B /* UIKit.framework */,
				2F2527801937BCFF00D62E4B /* XCTest.framework */,
			);
			name = Frameworks;
			sourceTree = "<group>";
		};
		2F25276D1937BCFE00D62E4B /* CareMe */ = {
			isa = PBXGroup;
			children = (
				2F2527B51937D23200D62E4B /* Images */,
				2F25279B1937BE2500D62E4B /* Util */,
				2F25279A1937BE1500D62E4B /* View */,
				2F2527991937BE0F00D62E4B /* XIB */,
				2F2527981937BE0900D62E4B /* DAO */,
				2F2527971937BDFE00D62E4B /* Entity */,
				2F2527961937BDF800D62E4B /* Controller */,
				2F2527761937BCFE00D62E4B /* AMVAppDelegate.h */,
				2F2527771937BCFE00D62E4B /* AMVAppDelegate.m */,
				2F2527791937BCFE00D62E4B /* Images.xcassets */,
				2F25276E1937BCFE00D62E4B /* Supporting Files */,
			);
			path = CareMe;
			sourceTree = "<group>";
		};
		2F25276E1937BCFE00D62E4B /* Supporting Files */ = {
			isa = PBXGroup;
			children = (
				2F25276F1937BCFE00D62E4B /* CareMe-Info.plist */,
				2F2527701937BCFE00D62E4B /* InfoPlist.strings */,
				2F2527731937BCFE00D62E4B /* main.m */,
				2F2527751937BCFE00D62E4B /* CareMe-Prefix.pch */,
			);
			name = "Supporting Files";
			sourceTree = "<group>";
		};
		2F2527861937BCFF00D62E4B /* CareMeTests */ = {
			isa = PBXGroup;
			children = (
				2F25278C1937BCFF00D62E4B /* CareMeTests.m */,
				2F2527871937BCFF00D62E4B /* Supporting Files */,
			);
			path = CareMeTests;
			sourceTree = "<group>";
		};
		2F2527871937BCFF00D62E4B /* Supporting Files */ = {
			isa = PBXGroup;
			children = (
				2F2527881937BCFF00D62E4B /* CareMeTests-Info.plist */,
				2F2527891937BCFF00D62E4B /* InfoPlist.strings */,
			);
			name = "Supporting Files";
			sourceTree = "<group>";
		};
		2F2527961937BDF800D62E4B /* Controller */ = {
			isa = PBXGroup;
			children = (
				2F2527B01937CC9000D62E4B /* AMVHomeConsultController.h */,
				2F2527B11937CC9000D62E4B /* AMVHomeConsultController.m */,
				2F9BE5C9193CFCFD0037A496 /* AMVAddConsultController.h */,
				2F9BE5CA193CFCFD0037A496 /* AMVAddConsultController.m */,
			);
			name = Controller;
			sourceTree = "<group>";
		};
		2F2527971937BDFE00D62E4B /* Entity */ = {
			isa = PBXGroup;
			children = (
			);
			name = Entity;
			sourceTree = "<group>";
		};
		2F2527981937BE0900D62E4B /* DAO */ = {
			isa = PBXGroup;
			children = (
			);
			name = DAO;
			sourceTree = "<group>";
		};
		2F2527991937BE0F00D62E4B /* XIB */ = {
			isa = PBXGroup;
			children = (
				2F9BE5CB193CFCFD0037A496 /* AMVAddConsultController.xib */,
				2F2527B21937CC9000D62E4B /* AMVHomeConsultController.xib */,
			);
			name = XIB;
			sourceTree = "<group>";
		};
		2F25279A1937BE1500D62E4B /* View */ = {
			isa = PBXGroup;
			children = (
			);
			name = View;
			sourceTree = "<group>";
		};
		2F25279B1937BE2500D62E4B /* Util */ = {
			isa = PBXGroup;
			children = (
				2F9BE5C6193CEB3A0037A496 /* AMVCareMeUtil.h */,
				2F9BE5C7193CEB3A0037A496 /* AMVCareMeUtil.m */,
			);
			name = Util;
			sourceTree = "<group>";
		};
		2F2527B51937D23200D62E4B /* Images */ = {
			isa = PBXGroup;
			children = (
				2F2527BA1937D3E900D62E4B /* Folder.png */,
				2F2527BB1937D3E900D62E4B /* Open-Mail.png */,
				2F2527B61937D23200D62E4B /* Calendar-Month.png */,
				2F2527B71937D23200D62E4B /* Calendar-Week.png */,
			);
			path = Images;
			sourceTree = "<group>";
		};
/* End PBXGroup section */

/* Begin PBXNativeTarget section */
		2F2527631937BCFE00D62E4B /* CareMe */ = {
			isa = PBXNativeTarget;
			buildConfigurationList = 2F2527901937BCFF00D62E4B /* Build configuration list for PBXNativeTarget "CareMe" */;
			buildPhases = (
				2F2527601937BCFE00D62E4B /* Sources */,
				2F2527611937BCFE00D62E4B /* Frameworks */,
				2F2527621937BCFE00D62E4B /* Resources */,
			);
			buildRules = (
			);
			dependencies = (
			);
			name = CareMe;
			productName = CareMe;
			productReference = 2F2527641937BCFE00D62E4B /* CareMe.app */;
			productType = "com.apple.product-type.application";
		};
		2F25277E1937BCFF00D62E4B /* CareMeTests */ = {
			isa = PBXNativeTarget;
			buildConfigurationList = 2F2527931937BCFF00D62E4B /* Build configuration list for PBXNativeTarget "CareMeTests" */;
			buildPhases = (
				2F25277B1937BCFF00D62E4B /* Sources */,
				2F25277C1937BCFF00D62E4B /* Frameworks */,
				2F25277D1937BCFF00D62E4B /* Resources */,
			);
			buildRules = (
			);
			dependencies = (
				2F2527851937BCFF00D62E4B /* PBXTargetDependency */,
			);
			name = CareMeTests;
			productName = CareMeTests;
			productReference = 2F25277F1937BCFF00D62E4B /* CareMeTests.xctest */;
			productType = "com.apple.product-type.bundle.unit-test";
		};
/* End PBXNativeTarget section */

/* Begin PBXProject section */
		2F25275C1937BCFE00D62E4B /* Project object */ = {
			isa = PBXProject;
			attributes = {
				CLASSPREFIX = AMV;
				LastUpgradeCheck = 0510;
				ORGANIZATIONNAME = "Alysson Matheus Victor";
				TargetAttributes = {
					2F25277E1937BCFF00D62E4B = {
						TestTargetID = 2F2527631937BCFE00D62E4B;
					};
				};
			};
			buildConfigurationList = 2F25275F1937BCFE00D62E4B /* Build configuration list for PBXProject "CareMe" */;
			compatibilityVersion = "Xcode 3.2";
			developmentRegion = English;
			hasScannedForEncodings = 0;
			knownRegions = (
				en,
			);
			mainGroup = 2F25275B1937BCFE00D62E4B;
			productRefGroup = 2F2527651937BCFE00D62E4B /* Products */;
			projectDirPath = "";
			projectRoot = "";
			targets = (
				2F2527631937BCFE00D62E4B /* CareMe */,
				2F25277E1937BCFF00D62E4B /* CareMeTests */,
			);
		};
/* End PBXProject section */

/* Begin PBXResourcesBuildPhase section */
		2F2527621937BCFE00D62E4B /* Resources */ = {
			isa = PBXResourcesBuildPhase;
			buildActionMask = 2147483647;
			files = (
				2F2527721937BCFE00D62E4B /* InfoPlist.strings in Resources */,
				2F2527BD1937D3E900D62E4B /* Open-Mail.png in Resources */,
				2F25277A1937BCFE00D62E4B /* Images.xcassets in Resources */,
				2F2527B81937D23200D62E4B /* Calendar-Month.png in Resources */,
				2F2527B91937D23200D62E4B /* Calendar-Week.png in Resources */,
				2F9BE5CD193CFCFD0037A496 /* AMVAddConsultController.xib in Resources */,
				2F2527B41937CC9000D62E4B /* AMVHomeConsultController.xib in Resources */,
				2F2527BC1937D3E900D62E4B /* Folder.png in Resources */,
			);
			runOnlyForDeploymentPostprocessing = 0;
		};
		2F25277D1937BCFF00D62E4B /* Resources */ = {
			isa = PBXResourcesBuildPhase;
			buildActionMask = 2147483647;
			files = (
				2F25278B1937BCFF00D62E4B /* InfoPlist.strings in Resources */,
			);
			runOnlyForDeploymentPostprocessing = 0;
		};
/* End PBXResourcesBuildPhase section */

/* Begin PBXSourcesBuildPhase section */
		2F2527601937BCFE00D62E4B /* Sources */ = {
			isa = PBXSourcesBuildPhase;
			buildActionMask = 2147483647;
			files = (
				2F9BE5CC193CFCFD0037A496 /* AMVAddConsultController.m in Sources */,
				2F2527741937BCFE00D62E4B /* main.m in Sources */,
				2F9BE5C8193CEB3A0037A496 /* AMVCareMeUtil.m in Sources */,
				2F2527B31937CC9000D62E4B /* AMVHomeConsultController.m in Sources */,
				2F2527781937BCFE00D62E4B /* AMVAppDelegate.m in Sources */,
			);
			runOnlyForDeploymentPostprocessing = 0;
		};
		2F25277B1937BCFF00D62E4B /* Sources */ = {
			isa = PBXSourcesBuildPhase;
			buildActionMask = 2147483647;
			files = (
				2F25278D1937BCFF00D62E4B /* CareMeTests.m in Sources */,
			);
			runOnlyForDeploymentPostprocessing = 0;
		};
/* End PBXSourcesBuildPhase section */

/* Begin PBXTargetDependency section */
		2F2527851937BCFF00D62E4B /* PBXTargetDependency */ = {
			isa = PBXTargetDependency;
			target = 2F2527631937BCFE00D62E4B /* CareMe */;
			targetProxy = 2F2527841937BCFF00D62E4B /* PBXContainerItemProxy */;
		};
/* End PBXTargetDependency section */

/* Begin PBXVariantGroup section */
		2F2527701937BCFE00D62E4B /* InfoPlist.strings */ = {
			isa = PBXVariantGroup;
			children = (
				2F2527711937BCFE00D62E4B /* en */,
			);
			name = InfoPlist.strings;
			sourceTree = "<group>";
		};
		2F2527891937BCFF00D62E4B /* InfoPlist.strings */ = {
			isa = PBXVariantGroup;
			children = (
				2F25278A1937BCFF00D62E4B /* en */,
			);
			name = InfoPlist.strings;
			sourceTree = "<group>";
		};
/* End PBXVariantGroup section */

/* Begin XCBuildConfiguration section */
		2F25278E1937BCFF00D62E4B /* Debug */ = {
			isa = XCBuildConfiguration;
			buildSettings = {
				ALWAYS_SEARCH_USER_PATHS = NO;
				CLANG_CXX_LANGUAGE_STANDARD = "gnu++0x";
				CLANG_CXX_LIBRARY = "libc++";
				CLANG_ENABLE_MODULES = YES;
				CLANG_ENABLE_OBJC_ARC = YES;
				CLANG_WARN_BOOL_CONVERSION = YES;
				CLANG_WARN_CONSTANT_CONVERSION = YES;
				CLANG_WARN_DIRECT_OBJC_ISA_USAGE = YES_ERROR;
				CLANG_WARN_EMPTY_BODY = YES;
				CLANG_WARN_ENUM_CONVERSION = YES;
				CLANG_WARN_INT_CONVERSION = YES;
				CLANG_WARN_OBJC_ROOT_CLASS = YES_ERROR;
				CLANG_WARN__DUPLICATE_METHOD_MATCH = YES;
				"CODE_SIGN_IDENTITY[sdk=iphoneos*]" = "iPhone Developer";
				COPY_PHASE_STRIP = NO;
				GCC_C_LANGUAGE_STANDARD = gnu99;
				GCC_DYNAMIC_NO_PIC = NO;
				GCC_OPTIMIZATION_LEVEL = 0;
				GCC_PREPROCESSOR_DEFINITIONS = (
					"DEBUG=1",
					"$(inherited)",
				);
				GCC_SYMBOLS_PRIVATE_EXTERN = NO;
				GCC_WARN_64_TO_32_BIT_CONVERSION = YES;
				GCC_WARN_ABOUT_RETURN_TYPE = YES_ERROR;
				GCC_WARN_UNDECLARED_SELECTOR = YES;
				GCC_WARN_UNINITIALIZED_AUTOS = YES_AGGRESSIVE;
				GCC_WARN_UNUSED_FUNCTION = YES;
				GCC_WARN_UNUSED_VARIABLE = YES;
				IPHONEOS_DEPLOYMENT_TARGET = 7.1;
				ONLY_ACTIVE_ARCH = YES;
				SDKROOT = iphoneos;
			};
			name = Debug;
		};
		2F25278F1937BCFF00D62E4B /* Release */ = {
			isa = XCBuildConfiguration;
			buildSettings = {
				ALWAYS_SEARCH_USER_PATHS = NO;
				CLANG_CXX_LANGUAGE_STANDARD = "gnu++0x";
				CLANG_CXX_LIBRARY = "libc++";
				CLANG_ENABLE_MODULES = YES;
				CLANG_ENABLE_OBJC_ARC = YES;
				CLANG_WARN_BOOL_CONVERSION = YES;
				CLANG_WARN_CONSTANT_CONVERSION = YES;
				CLANG_WARN_DIRECT_OBJC_ISA_USAGE = YES_ERROR;
				CLANG_WARN_EMPTY_BODY = YES;
				CLANG_WARN_ENUM_CONVERSION = YES;
				CLANG_WARN_INT_CONVERSION = YES;
				CLANG_WARN_OBJC_ROOT_CLASS = YES_ERROR;
				CLANG_WARN__DUPLICATE_METHOD_MATCH = YES;
				"CODE_SIGN_IDENTITY[sdk=iphoneos*]" = "iPhone Developer";
				COPY_PHASE_STRIP = YES;
				ENABLE_NS_ASSERTIONS = NO;
				GCC_C_LANGUAGE_STANDARD = gnu99;
				GCC_WARN_64_TO_32_BIT_CONVERSION = YES;
				GCC_WARN_ABOUT_RETURN_TYPE = YES_ERROR;
				GCC_WARN_UNDECLARED_SELECTOR = YES;
				GCC_WARN_UNINITIALIZED_AUTOS = YES_AGGRESSIVE;
				GCC_WARN_UNUSED_FUNCTION = YES;
				GCC_WARN_UNUSED_VARIABLE = YES;
				IPHONEOS_DEPLOYMENT_TARGET = 7.1;
				SDKROOT = iphoneos;
				VALIDATE_PRODUCT = YES;
			};
			name = Release;
		};
		2F2527911937BCFF00D62E4B /* Debug */ = {
			isa = XCBuildConfiguration;
			buildSettings = {
				ASSETCATALOG_COMPILER_APPICON_NAME = AppIcon;
				ASSETCATALOG_COMPILER_LAUNCHIMAGE_NAME = LaunchImage;
				GCC_PRECOMPILE_PREFIX_HEADER = YES;
				GCC_PREFIX_HEADER = "CareMe/CareMe-Prefix.pch";
				INFOPLIST_FILE = "CareMe/CareMe-Info.plist";
				PRODUCT_NAME = "$(TARGET_NAME)";
				WRAPPER_EXTENSION = app;
			};
			name = Debug;
		};
		2F2527921937BCFF00D62E4B /* Release */ = {
			isa = XCBuildConfiguration;
			buildSettings = {
				ASSETCATALOG_COMPILER_APPICON_NAME = AppIcon;
				ASSETCATALOG_COMPILER_LAUNCHIMAGE_NAME = LaunchImage;
				GCC_PRECOMPILE_PREFIX_HEADER = YES;
				GCC_PREFIX_HEADER = "CareMe/CareMe-Prefix.pch";
				INFOPLIST_FILE = "CareMe/CareMe-Info.plist";
				PRODUCT_NAME = "$(TARGET_NAME)";
				WRAPPER_EXTENSION = app;
			};
			name = Release;
		};
		2F2527941937BCFF00D62E4B /* Debug */ = {
			isa = XCBuildConfiguration;
			buildSettings = {
				BUNDLE_LOADER = "$(BUILT_PRODUCTS_DIR)/CareMe.app/CareMe";
				FRAMEWORK_SEARCH_PATHS = (
					"$(SDKROOT)/Developer/Library/Frameworks",
					"$(inherited)",
					"$(DEVELOPER_FRAMEWORKS_DIR)",
				);
				GCC_PRECOMPILE_PREFIX_HEADER = YES;
				GCC_PREFIX_HEADER = "CareMe/CareMe-Prefix.pch";
				GCC_PREPROCESSOR_DEFINITIONS = (
					"DEBUG=1",
					"$(inherited)",
				);
				INFOPLIST_FILE = "CareMeTests/CareMeTests-Info.plist";
				PRODUCT_NAME = "$(TARGET_NAME)";
				TEST_HOST = "$(BUNDLE_LOADER)";
				WRAPPER_EXTENSION = xctest;
			};
			name = Debug;
		};
		2F2527951937BCFF00D62E4B /* Release */ = {
			isa = XCBuildConfiguration;
			buildSettings = {
				BUNDLE_LOADER = "$(BUILT_PRODUCTS_DIR)/CareMe.app/CareMe";
				FRAMEWORK_SEARCH_PATHS = (
					"$(SDKROOT)/Developer/Library/Frameworks",
					"$(inherited)",
					"$(DEVELOPER_FRAMEWORKS_DIR)",
				);
				GCC_PRECOMPILE_PREFIX_HEADER = YES;
				GCC_PREFIX_HEADER = "CareMe/CareMe-Prefix.pch";
				INFOPLIST_FILE = "CareMeTests/CareMeTests-Info.plist";
				PRODUCT_NAME = "$(TARGET_NAME)";
				TEST_HOST = "$(BUNDLE_LOADER)";
				WRAPPER_EXTENSION = xctest;
			};
			name = Release;
		};
/* End XCBuildConfiguration section */

/* Begin XCConfigurationList section */
		2F25275F1937BCFE00D62E4B /* Build configuration list for PBXProject "CareMe" */ = {
			isa = XCConfigurationList;
			buildConfigurations = (
				2F25278E1937BCFF00D62E4B /* Debug */,
				2F25278F1937BCFF00D62E4B /* Release */,
			);
			defaultConfigurationIsVisible = 0;
			defaultConfigurationName = Release;
		};
		2F2527901937BCFF00D62E4B /* Build configuration list for PBXNativeTarget "CareMe" */ = {
			isa = XCConfigurationList;
			buildConfigurations = (
				2F2527911937BCFF00D62E4B /* Debug */,
				2F2527921937BCFF00D62E4B /* Release */,
			);
			defaultConfigurationIsVisible = 0;
			defaultConfigurationName = Release;
		};
		2F2527931937BCFF00D62E4B /* Build configuration list for PBXNativeTarget "CareMeTests" */ = {
			isa = XCConfigurationList;
			buildConfigurations = (
				2F2527941937BCFF00D62E4B /* Debug */,
				2F2527951937BCFF00D62E4B /* Release */,
			);
			defaultConfigurationIsVisible = 0;
			defaultConfigurationName = Release;
		};
/* End XCConfigurationList section */
	};
	rootObject = 2F25275C1937BCFE00D62E4B /* Project object */;
}
